{
  "name": "client",
  "version": "0.0.0",
  "lockfileVersion": 2,
  "requires": true,
  "packages": {
    "": {
      "version": "0.0.0",
      "dependencies": {
        "mobx-persist-store": "^1.0.3"
      }
    },
    "node_modules/mobx": {
      "version": "6.3.2",
      "resolved": "https://registry.npmjs.org/mobx/-/mobx-6.3.2.tgz",
      "integrity": "sha512-xGPM9dIE1qkK9Nrhevp0gzpsmELKU4MFUJRORW/jqxVFIHHWIoQrjDjL8vkwoJYY3C2CeVJqgvl38hgKTalTWg==",
      "peer": true,
      "funding": {
        "type": "opencollective",
        "url": "https://opencollective.com/mobx"
      }
    },
    "node_modules/mobx-persist-store": {
      "version": "1.0.3",
      "resolved": "https://registry.npmjs.org/mobx-persist-store/-/mobx-persist-store-1.0.3.tgz",
      "integrity": "sha512-R6GWCtA77O2mbwKRn0iJqecNHhEMDnUv7P60SCFntz+qRtfutsTWcP56Xz9Q29nefgo1E4JnBaoqcWejMdkvNQ==",
      "peerDependencies": {
        "mobx": "*"
      }
    }
  },
  "dependencies": {
    "mobx": {
      "version": "6.3.2",
      "resolved": "https://registry.npmjs.org/mobx/-/mobx-6.3.2.tgz",
      "integrity": "sha512-xGPM9dIE1qkK9Nrhevp0gzpsmELKU4MFUJRORW/jqxVFIHHWIoQrjDjL8vkwoJYY3C2CeVJqgvl38hgKTalTWg==",
      "peer": true
    },
    "mobx-persist-store": {
      "version": "1.0.3",
      "resolved": "https://registry.npmjs.org/mobx-persist-store/-/mobx-persist-store-1.0.3.tgz",
      "integrity": "sha512-R6GWCtA77O2mbwKRn0iJqecNHhEMDnUv7P60SCFntz+qRtfutsTWcP56Xz9Q29nefgo1E4JnBaoqcWejMdkvNQ==",
      "requires": {}
    }
  }
}
